
Microsoft Visual Studio Solution File, Format Version 12.00
# Visual Studio Version 16
VisualStudioVersion = 16.0.32510.428
MinimumVisualStudioVersion = 10.0.40219.1
Project("{74264C91-52E5-80AD-8566-C7C096F66DE6}") = "BonelabSpeedometer", "projects\Bonelab\Speedometer\Speedometer.csproj", "{F13040F5-2641-6465-6E4A-FF7C0DA26BDF}"
EndProject

Global
  GlobalSection(SolutionConfigurationPlatforms) = preSolution
    Debug|Any CPU = Debug|Any CPU
    Release|Any CPU = Release|Any CPU
  EndGlobalSection
  GlobalSection(ProjectConfigurationPlatforms) = postSolution
    {F13040F5-2641-6465-6E4A-FF7C0DA26BDF}.Debug|Any CPU.ActiveCfg = Debug|Any CPU
    {F13040F5-2641-6465-6E4A-FF7C0DA26BDF}.Debug|Any CPU.Build.0 = Debug|Any CPU
    {F13040F5-2641-6465-6E4A-FF7C0DA26BDF}.Release|Any CPU.ActiveCfg = Release|Any CPU
    {F13040F5-2641-6465-6E4A-FF7C0DA26BDF}.Release|Any CPU.Build.0 = Release|Any CPU
  EndGlobalSection
  GlobalSection(SolutionProperties) = preSolution
    HideSolutionNode = FALSE
  EndGlobalSection
  GlobalSection(ExtensibilityGlobals) = postSolution
    SolutionGuid = {8090BF02-23C0-4773-837E-F9A97685257E}
  EndGlobalSection
EndGlobal
